// !$*UTF8*$!
{
	archiveVersion = 1;
	classes = {
	};
	objectVersion = 54;
	objects = {

/* Begin PBXBuildFile section */
		840A8B4327AA728200AF1027 /* PhotoDetailsViewController.swift in Sources */ = {isa = PBXBuildFile; fileRef = 840A8B4227AA728200AF1027 /* PhotoDetailsViewController.swift */; };
		840A8B4527AA749000AF1027 /* PhotoDetailsViewModel.swift in Sources */ = {isa = PBXBuildFile; fileRef = 840A8B4427AA749000AF1027 /* PhotoDetailsViewModel.swift */; };
		840A8B4727AA74F600AF1027 /* PhotoDetailsRouter.swift in Sources */ = {isa = PBXBuildFile; fileRef = 840A8B4627AA74F600AF1027 /* PhotoDetailsRouter.swift */; };
		840A8B4927AABC0F00AF1027 /* UIImageView+SetImageFromPhotoWithIndex.swift in Sources */ = {isa = PBXBuildFile; fileRef = 840A8B4827AABC0F00AF1027 /* UIImageView+SetImageFromPhotoWithIndex.swift */; };
		8474516227ABB031006D16F2 /* SearchedRawPhotos.swift in Sources */ = {isa = PBXBuildFile; fileRef = 8474516127ABB031006D16F2 /* SearchedRawPhotos.swift */; };
		8474516627ABE55E006D16F2 /* UIImageView+SetImageFromPhoto.swift in Sources */ = {isa = PBXBuildFile; fileRef = 8474516527ABE55E006D16F2 /* UIImageView+SetImageFromPhoto.swift */; };
		84907C6F27AA3AED0083C435 /* Consts.swift in Sources */ = {isa = PBXBuildFile; fileRef = 84907C6E27AA3AED0083C435 /* Consts.swift */; };
		84907C7327AA3FCA0083C435 /* Montserrat-SemiBold.ttf in Resources */ = {isa = PBXBuildFile; fileRef = 84907C7227AA3FCA0083C435 /* Montserrat-SemiBold.ttf */; };
		84BBD05D27A9393700AC6C1E /* AppDelegate.swift in Sources */ = {isa = PBXBuildFile; fileRef = 84BBD05C27A9393700AC6C1E /* AppDelegate.swift */; };
		84BBD06627A9393F00AC6C1E /* Assets.xcassets in Resources */ = {isa = PBXBuildFile; fileRef = 84BBD06527A9393F00AC6C1E /* Assets.xcassets */; };
		84BBD06927A9393F00AC6C1E /* LaunchScreen.storyboard in Resources */ = {isa = PBXBuildFile; fileRef = 84BBD06727A9393F00AC6C1E /* LaunchScreen.storyboard */; };
		84BBD07327A93C2000AC6C1E /* PhotosTabBarController.swift in Sources */ = {isa = PBXBuildFile; fileRef = 84BBD07227A93C2000AC6C1E /* PhotosTabBarController.swift */; };
		84BBD07727A93CBA00AC6C1E /* FavoritePhotosViewController.swift in Sources */ = {isa = PBXBuildFile; fileRef = 84BBD07627A93CBA00AC6C1E /* FavoritePhotosViewController.swift */; };
		84BBD07927A93CCF00AC6C1E /* RandomPhotosViewController.swift in Sources */ = {isa = PBXBuildFile; fileRef = 84BBD07827A93CCF00AC6C1E /* RandomPhotosViewController.swift */; };
		84BBD07C27A945E000AC6C1E /* R.generated.swift in Sources */ = {isa = PBXBuildFile; fileRef = 84BBD07B27A945E000AC6C1E /* R.generated.swift */; };
		84BBD07F27A9500B00AC6C1E /* PhotosNetClient.swift in Sources */ = {isa = PBXBuildFile; fileRef = 84BBD07E27A9500B00AC6C1E /* PhotosNetClient.swift */; };
		84BBD08227A9538B00AC6C1E /* RawPhoto.swift in Sources */ = {isa = PBXBuildFile; fileRef = 84BBD08127A9538B00AC6C1E /* RawPhoto.swift */; };
		84BBD08427A95AC100AC6C1E /* PhotoManager.swift in Sources */ = {isa = PBXBuildFile; fileRef = 84BBD08327A95AC100AC6C1E /* PhotoManager.swift */; };
		84BBD08627A9608C00AC6C1E /* ImageClient.swift in Sources */ = {isa = PBXBuildFile; fileRef = 84BBD08527A9608C00AC6C1E /* ImageClient.swift */; };
		84BBD08827A9690600AC6C1E /* Photo.swift in Sources */ = {isa = PBXBuildFile; fileRef = 84BBD08727A9690600AC6C1E /* Photo.swift */; };
		84BBD08A27A9717600AC6C1E /* RandomPhotosViewModel.swift in Sources */ = {isa = PBXBuildFile; fileRef = 84BBD08927A9717600AC6C1E /* RandomPhotosViewModel.swift */; };
		84BBD08D27A9720D00AC6C1E /* BaseViewController.swift in Sources */ = {isa = PBXBuildFile; fileRef = 84BBD08C27A9720D00AC6C1E /* BaseViewController.swift */; };
		84BBD08F27A9722200AC6C1E /* BaseRouter.swift in Sources */ = {isa = PBXBuildFile; fileRef = 84BBD08E27A9722200AC6C1E /* BaseRouter.swift */; };
		84BBD09127A9727600AC6C1E /* RandomPhotosRouter.swift in Sources */ = {isa = PBXBuildFile; fileRef = 84BBD09027A9727600AC6C1E /* RandomPhotosRouter.swift */; };
		84BBD09427A97AE500AC6C1E /* PhotoCollectionViewCell.swift in Sources */ = {isa = PBXBuildFile; fileRef = 84BBD09327A97AE500AC6C1E /* PhotoCollectionViewCell.swift */; };
		84DCD61627AB0C7B00C447F4 /* FavouritePhotosViewModel.swift in Sources */ = {isa = PBXBuildFile; fileRef = 84DCD61527AB0C7B00C447F4 /* FavouritePhotosViewModel.swift */; };
		84DCD61827AB0CBA00C447F4 /* FavouritePhotosRouter.swift in Sources */ = {isa = PBXBuildFile; fileRef = 84DCD61727AB0CBA00C447F4 /* FavouritePhotosRouter.swift */; };
		84DCD61E27AB101800C447F4 /* PhotoTableViewCell.swift in Sources */ = {isa = PBXBuildFile; fileRef = 84DCD61D27AB101800C447F4 /* PhotoTableViewCell.swift */; };
		8E75335F907A3EE677365B8B /* Pods_UnsplashPhotos.framework in Frameworks */ = {isa = PBXBuildFile; fileRef = 3547646D99B91A96DEAB3D62 /* Pods_UnsplashPhotos.framework */; };
/* End PBXBuildFile section */

/* Begin PBXFileReference section */
		3547646D99B91A96DEAB3D62 /* Pods_UnsplashPhotos.framework */ = {isa = PBXFileReference; explicitFileType = wrapper.framework; includeInIndex = 0; path = Pods_UnsplashPhotos.framework; sourceTree = BUILT_PRODUCTS_DIR; };
		4900E55EFC41FF01EC455DE7 /* Pods-UnsplashPhotos.debug.xcconfig */ = {isa = PBXFileReference; includeInIndex = 1; lastKnownFileType = text.xcconfig; name = "Pods-UnsplashPhotos.debug.xcconfig"; path = "Target Support Files/Pods-UnsplashPhotos/Pods-UnsplashPhotos.debug.xcconfig"; sourceTree = "<group>"; };
		840A8B4227AA728200AF1027 /* PhotoDetailsViewController.swift */ = {isa = PBXFileReference; lastKnownFileType = sourcecode.swift; path = PhotoDetailsViewController.swift; sourceTree = "<group>"; };
		840A8B4427AA749000AF1027 /* PhotoDetailsViewModel.swift */ = {isa = PBXFileReference; lastKnownFileType = sourcecode.swift; path = PhotoDetailsViewModel.swift; sourceTree = "<group>"; };
		840A8B4627AA74F600AF1027 /* PhotoDetailsRouter.swift */ = {isa = PBXFileReference; lastKnownFileType = sourcecode.swift; path = PhotoDetailsRouter.swift; sourceTree = "<group>"; };
		840A8B4827AABC0F00AF1027 /* UIImageView+SetImageFromPhotoWithIndex.swift */ = {isa = PBXFileReference; lastKnownFileType = sourcecode.swift; path = "UIImageView+SetImageFromPhotoWithIndex.swift"; sourceTree = "<group>"; };
		8474516127ABB031006D16F2 /* SearchedRawPhotos.swift */ = {isa = PBXFileReference; fileEncoding = 4; lastKnownFileType = sourcecode.swift; path = SearchedRawPhotos.swift; sourceTree = "<group>"; };
		8474516527ABE55E006D16F2 /* UIImageView+SetImageFromPhoto.swift */ = {isa = PBXFileReference; fileEncoding = 4; lastKnownFileType = sourcecode.swift; path = "UIImageView+SetImageFromPhoto.swift"; sourceTree = "<group>"; };
		84907C6E27AA3AED0083C435 /* Consts.swift */ = {isa = PBXFileReference; lastKnownFileType = sourcecode.swift; path = Consts.swift; sourceTree = "<group>"; };
		84907C7227AA3FCA0083C435 /* Montserrat-SemiBold.ttf */ = {isa = PBXFileReference; lastKnownFileType = file; path = "Montserrat-SemiBold.ttf"; sourceTree = "<group>"; };
		84BBD05927A9393700AC6C1E /* UnsplashPhotos.app */ = {isa = PBXFileReference; explicitFileType = wrapper.application; includeInIndex = 0; path = UnsplashPhotos.app; sourceTree = BUILT_PRODUCTS_DIR; };
		84BBD05C27A9393700AC6C1E /* AppDelegate.swift */ = {isa = PBXFileReference; lastKnownFileType = sourcecode.swift; path = AppDelegate.swift; sourceTree = "<group>"; };
		84BBD06527A9393F00AC6C1E /* Assets.xcassets */ = {isa = PBXFileReference; lastKnownFileType = folder.assetcatalog; path = Assets.xcassets; sourceTree = "<group>"; };
		84BBD06827A9393F00AC6C1E /* Base */ = {isa = PBXFileReference; lastKnownFileType = file.storyboard; name = Base; path = Base.lproj/LaunchScreen.storyboard; sourceTree = "<group>"; };
		84BBD06A27A9393F00AC6C1E /* Info.plist */ = {isa = PBXFileReference; lastKnownFileType = text.plist.xml; path = Info.plist; sourceTree = "<group>"; };
		84BBD07227A93C2000AC6C1E /* PhotosTabBarController.swift */ = {isa = PBXFileReference; lastKnownFileType = sourcecode.swift; path = PhotosTabBarController.swift; sourceTree = "<group>"; };
		84BBD07627A93CBA00AC6C1E /* FavoritePhotosViewController.swift */ = {isa = PBXFileReference; lastKnownFileType = sourcecode.swift; path = FavoritePhotosViewController.swift; sourceTree = "<group>"; };
		84BBD07827A93CCF00AC6C1E /* RandomPhotosViewController.swift */ = {isa = PBXFileReference; lastKnownFileType = sourcecode.swift; path = RandomPhotosViewController.swift; sourceTree = "<group>"; };
		84BBD07B27A945E000AC6C1E /* R.generated.swift */ = {isa = PBXFileReference; fileEncoding = 4; lastKnownFileType = sourcecode.swift; path = R.generated.swift; sourceTree = SOURCE_ROOT; };
		84BBD07E27A9500B00AC6C1E /* PhotosNetClient.swift */ = {isa = PBXFileReference; lastKnownFileType = sourcecode.swift; path = PhotosNetClient.swift; sourceTree = "<group>"; };
		84BBD08127A9538B00AC6C1E /* RawPhoto.swift */ = {isa = PBXFileReference; lastKnownFileType = sourcecode.swift; path = RawPhoto.swift; sourceTree = "<group>"; };
		84BBD08327A95AC100AC6C1E /* PhotoManager.swift */ = {isa = PBXFileReference; lastKnownFileType = sourcecode.swift; path = PhotoManager.swift; sourceTree = "<group>"; };
		84BBD08527A9608C00AC6C1E /* ImageClient.swift */ = {isa = PBXFileReference; lastKnownFileType = sourcecode.swift; path = ImageClient.swift; sourceTree = "<group>"; };
		84BBD08727A9690600AC6C1E /* Photo.swift */ = {isa = PBXFileReference; lastKnownFileType = sourcecode.swift; path = Photo.swift; sourceTree = "<group>"; };
		84BBD08927A9717600AC6C1E /* RandomPhotosViewModel.swift */ = {isa = PBXFileReference; lastKnownFileType = sourcecode.swift; path = RandomPhotosViewModel.swift; sourceTree = "<group>"; };
		84BBD08C27A9720D00AC6C1E /* BaseViewController.swift */ = {isa = PBXFileReference; lastKnownFileType = sourcecode.swift; path = BaseViewController.swift; sourceTree = "<group>"; };
		84BBD08E27A9722200AC6C1E /* BaseRouter.swift */ = {isa = PBXFileReference; lastKnownFileType = sourcecode.swift; path = BaseRouter.swift; sourceTree = "<group>"; };
		84BBD09027A9727600AC6C1E /* RandomPhotosRouter.swift */ = {isa = PBXFileReference; lastKnownFileType = sourcecode.swift; path = RandomPhotosRouter.swift; sourceTree = "<group>"; };
		84BBD09327A97AE500AC6C1E /* PhotoCollectionViewCell.swift */ = {isa = PBXFileReference; lastKnownFileType = sourcecode.swift; path = PhotoCollectionViewCell.swift; sourceTree = "<group>"; };
		84DCD61527AB0C7B00C447F4 /* FavouritePhotosViewModel.swift */ = {isa = PBXFileReference; lastKnownFileType = sourcecode.swift; path = FavouritePhotosViewModel.swift; sourceTree = "<group>"; };
		84DCD61727AB0CBA00C447F4 /* FavouritePhotosRouter.swift */ = {isa = PBXFileReference; lastKnownFileType = sourcecode.swift; path = FavouritePhotosRouter.swift; sourceTree = "<group>"; };
		84DCD61D27AB101800C447F4 /* PhotoTableViewCell.swift */ = {isa = PBXFileReference; lastKnownFileType = sourcecode.swift; path = PhotoTableViewCell.swift; sourceTree = "<group>"; };
		B853DC2BB2F6062E84548E0D /* Pods-UnsplashPhotos.release.xcconfig */ = {isa = PBXFileReference; includeInIndex = 1; lastKnownFileType = text.xcconfig; name = "Pods-UnsplashPhotos.release.xcconfig"; path = "Target Support Files/Pods-UnsplashPhotos/Pods-UnsplashPhotos.release.xcconfig"; sourceTree = "<group>"; };
/* End PBXFileReference section */

/* Begin PBXFrameworksBuildPhase section */
		84BBD05627A9393700AC6C1E /* Frameworks */ = {
			isa = PBXFrameworksBuildPhase;
			buildActionMask = 2147483647;
			files = (
				8E75335F907A3EE677365B8B /* Pods_UnsplashPhotos.framework in Frameworks */,
			);
			runOnlyForDeploymentPostprocessing = 0;
		};
/* End PBXFrameworksBuildPhase section */

/* Begin PBXGroup section */
		2514AF92487C2C6742B8003D /* Frameworks */ = {
			isa = PBXGroup;
			children = (
				3547646D99B91A96DEAB3D62 /* Pods_UnsplashPhotos.framework */,
			);
			name = Frameworks;
			sourceTree = "<group>";
		};
		840A8B4127AA723B00AF1027 /* PhotoDetailsVC */ = {
			isa = PBXGroup;
			children = (
				840A8B4227AA728200AF1027 /* PhotoDetailsViewController.swift */,
				840A8B4427AA749000AF1027 /* PhotoDetailsViewModel.swift */,
				840A8B4627AA74F600AF1027 /* PhotoDetailsRouter.swift */,
			);
			path = PhotoDetailsVC;
			sourceTree = "<group>";
		};
		840A8B4A27AABCC300AF1027 /* Extensions */ = {
			isa = PBXGroup;
			children = (
				840A8B4827AABC0F00AF1027 /* UIImageView+SetImageFromPhotoWithIndex.swift */,
				8474516527ABE55E006D16F2 /* UIImageView+SetImageFromPhoto.swift */,
			);
			path = Extensions;
			sourceTree = "<group>";
		};
		84907C7027AA3FA20083C435 /* Resources */ = {
			isa = PBXGroup;
			children = (
				84907C7127AA3FBC0083C435 /* Fonts */,
			);
			path = Resources;
			sourceTree = "<group>";
		};
		84907C7127AA3FBC0083C435 /* Fonts */ = {
			isa = PBXGroup;
			children = (
				84907C7227AA3FCA0083C435 /* Montserrat-SemiBold.ttf */,
			);
			path = Fonts;
			sourceTree = "<group>";
		};
		84BBD05027A9393700AC6C1E = {
			isa = PBXGroup;
			children = (
				84BBD05B27A9393700AC6C1E /* UnsplashPhotos */,
				84BBD05A27A9393700AC6C1E /* Products */,
				9CE41F90C2DE294986043353 /* Pods */,
				2514AF92487C2C6742B8003D /* Frameworks */,
			);
			sourceTree = "<group>";
		};
		84BBD05A27A9393700AC6C1E /* Products */ = {
			isa = PBXGroup;
			children = (
				84BBD05927A9393700AC6C1E /* UnsplashPhotos.app */,
			);
			name = Products;
			sourceTree = "<group>";
		};
		84BBD05B27A9393700AC6C1E /* UnsplashPhotos */ = {
			isa = PBXGroup;
			children = (
				840A8B4A27AABCC300AF1027 /* Extensions */,
				84907C7027AA3FA20083C435 /* Resources */,
				84BBD08B27A971FA00AC6C1E /* Utilits */,
				84BBD08027A9507B00AC6C1E /* Models */,
				84BBD07D27A94AC800AC6C1E /* Network */,
				84BBD07127A93BAD00AC6C1E /* Screens */,
				84BBD07027A939CE00AC6C1E /* Support */,
			);
			path = UnsplashPhotos;
			sourceTree = "<group>";
		};
		84BBD07027A939CE00AC6C1E /* Support */ = {
			isa = PBXGroup;
			children = (
				84BBD07B27A945E000AC6C1E /* R.generated.swift */,
				84BBD06727A9393F00AC6C1E /* LaunchScreen.storyboard */,
				84BBD06A27A9393F00AC6C1E /* Info.plist */,
				84BBD06527A9393F00AC6C1E /* Assets.xcassets */,
				84BBD05C27A9393700AC6C1E /* AppDelegate.swift */,
			);
			path = Support;
			sourceTree = "<group>";
		};
		84BBD07127A93BAD00AC6C1E /* Screens */ = {
			isa = PBXGroup;
			children = (
				840A8B4127AA723B00AF1027 /* PhotoDetailsVC */,
				84BBD07527A93C7900AC6C1E /* FavoritePhotosVC */,
				84BBD07427A93C5D00AC6C1E /* RandomPhotosVC */,
				84BBD07227A93C2000AC6C1E /* PhotosTabBarController.swift */,
			);
			path = Screens;
			sourceTree = "<group>";
		};
		84BBD07427A93C5D00AC6C1E /* RandomPhotosVC */ = {
			isa = PBXGroup;
			children = (
				84DCD61B27AB0FD700C447F4 /* Views */,
				84BBD07827A93CCF00AC6C1E /* RandomPhotosViewController.swift */,
				84BBD08927A9717600AC6C1E /* RandomPhotosViewModel.swift */,
				84BBD09027A9727600AC6C1E /* RandomPhotosRouter.swift */,
			);
			path = RandomPhotosVC;
			sourceTree = "<group>";
		};
		84BBD07527A93C7900AC6C1E /* FavoritePhotosVC */ = {
			isa = PBXGroup;
			children = (
				84DCD61C27AB0FFC00C447F4 /* Views */,
				84BBD07627A93CBA00AC6C1E /* FavoritePhotosViewController.swift */,
				84DCD61527AB0C7B00C447F4 /* FavouritePhotosViewModel.swift */,
				84DCD61727AB0CBA00C447F4 /* FavouritePhotosRouter.swift */,
			);
			path = FavoritePhotosVC;
			sourceTree = "<group>";
		};
		84BBD07D27A94AC800AC6C1E /* Network */ = {
			isa = PBXGroup;
			children = (
				84BBD07E27A9500B00AC6C1E /* PhotosNetClient.swift */,
				84BBD08527A9608C00AC6C1E /* ImageClient.swift */,
			);
			path = Network;
			sourceTree = "<group>";
		};
		84BBD08027A9507B00AC6C1E /* Models */ = {
			isa = PBXGroup;
			children = (
				84BBD08127A9538B00AC6C1E /* RawPhoto.swift */,
				84BBD08727A9690600AC6C1E /* Photo.swift */,
				84BBD08327A95AC100AC6C1E /* PhotoManager.swift */,
				8474516127ABB031006D16F2 /* SearchedRawPhotos.swift */,
			);
			path = Models;
			sourceTree = "<group>";
		};
		84BBD08B27A971FA00AC6C1E /* Utilits */ = {
			isa = PBXGroup;
			children = (
				84BBD08C27A9720D00AC6C1E /* BaseViewController.swift */,
				84BBD08E27A9722200AC6C1E /* BaseRouter.swift */,
				84907C6E27AA3AED0083C435 /* Consts.swift */,
			);
			path = Utilits;
			sourceTree = "<group>";
		};
		84DCD61B27AB0FD700C447F4 /* Views */ = {
			isa = PBXGroup;
			children = (
				84BBD09327A97AE500AC6C1E /* PhotoCollectionViewCell.swift */,
			);
			path = Views;
			sourceTree = "<group>";
		};
		84DCD61C27AB0FFC00C447F4 /* Views */ = {
			isa = PBXGroup;
			children = (
				84DCD61D27AB101800C447F4 /* PhotoTableViewCell.swift */,
			);
			path = Views;
			sourceTree = "<group>";
		};
		9CE41F90C2DE294986043353 /* Pods */ = {
			isa = PBXGroup;
			children = (
				4900E55EFC41FF01EC455DE7 /* Pods-UnsplashPhotos.debug.xcconfig */,
				B853DC2BB2F6062E84548E0D /* Pods-UnsplashPhotos.release.xcconfig */,
			);
			path = Pods;
			sourceTree = "<group>";
		};
/* End PBXGroup section */

/* Begin PBXNativeTarget section */
		84BBD05827A9393700AC6C1E /* UnsplashPhotos */ = {
			isa = PBXNativeTarget;
			buildConfigurationList = 84BBD06D27A9393F00AC6C1E /* Build configuration list for PBXNativeTarget "UnsplashPhotos" */;
			buildPhases = (
				F9FFEA1D23690947ADD3ECC8 /* [CP] Check Pods Manifest.lock */,
				84BBD07A27A9431900AC6C1E /* ShellScript */,
				84BBD05527A9393700AC6C1E /* Sources */,
				84BBD05627A9393700AC6C1E /* Frameworks */,
				84BBD05727A9393700AC6C1E /* Resources */,
				E8D709B2B8959441DCEB2BE6 /* [CP] Embed Pods Frameworks */,
			);
			buildRules = (
			);
			dependencies = (
			);
			name = UnsplashPhotos;
			productName = UnsplashPhotos;
			productReference = 84BBD05927A9393700AC6C1E /* UnsplashPhotos.app */;
			productType = "com.apple.product-type.application";
		};
/* End PBXNativeTarget section */

/* Begin PBXProject section */
		84BBD05127A9393700AC6C1E /* Project object */ = {
			isa = PBXProject;
			attributes = {
				LastSwiftUpdateCheck = 1250;
				LastUpgradeCheck = 1250;
				TargetAttributes = {
					84BBD05827A9393700AC6C1E = {
						CreatedOnToolsVersion = 12.5.1;
					};
				};
			};
			buildConfigurationList = 84BBD05427A9393700AC6C1E /* Build configuration list for PBXProject "UnsplashPhotos" */;
			compatibilityVersion = "Xcode 9.3";
			developmentRegion = en;
			hasScannedForEncodings = 0;
			knownRegions = (
				en,
				Base,
			);
			mainGroup = 84BBD05027A9393700AC6C1E;
			productRefGroup = 84BBD05A27A9393700AC6C1E /* Products */;
			projectDirPath = "";
			projectRoot = "";
			targets = (
				84BBD05827A9393700AC6C1E /* UnsplashPhotos */,
			);
		};
/* End PBXProject section */

/* Begin PBXResourcesBuildPhase section */
		84BBD05727A9393700AC6C1E /* Resources */ = {
			isa = PBXResourcesBuildPhase;
			buildActionMask = 2147483647;
			files = (
				84907C7327AA3FCA0083C435 /* Montserrat-SemiBold.ttf in Resources */,
				84BBD06927A9393F00AC6C1E /* LaunchScreen.storyboard in Resources */,
				84BBD06627A9393F00AC6C1E /* Assets.xcassets in Resources */,
			);
			runOnlyForDeploymentPostprocessing = 0;
		};
/* End PBXResourcesBuildPhase section */

/* Begin PBXShellScriptBuildPhase section */
		84BBD07A27A9431900AC6C1E /* ShellScript */ = {
			isa = PBXShellScriptBuildPhase;
			alwaysOutOfDate = 1;
			buildActionMask = 2147483647;
			files = (
			);
			inputFileListPaths = (
			);
			inputPaths = (
			);
			outputFileListPaths = (
			);
			outputPaths = (
				$SRCROOT/R.generated.swift,
			);
			runOnlyForDeploymentPostprocessing = 0;
			shellPath = /bin/sh;
			shellScript = "\"$PODS_ROOT/R.swift/rswift\" generate \"$SRCROOT/R.generated.swift\"\n";
		};
		E8D709B2B8959441DCEB2BE6 /* [CP] Embed Pods Frameworks */ = {
			isa = PBXShellScriptBuildPhase;
			buildActionMask = 2147483647;
			files = (
			);
			inputFileListPaths = (
				"${PODS_ROOT}/Target Support Files/Pods-UnsplashPhotos/Pods-UnsplashPhotos-frameworks-${CONFIGURATION}-input-files.xcfilelist",
			);
			name = "[CP] Embed Pods Frameworks";
			outputFileListPaths = (
				"${PODS_ROOT}/Target Support Files/Pods-UnsplashPhotos/Pods-UnsplashPhotos-frameworks-${CONFIGURATION}-output-files.xcfilelist",
			);
			runOnlyForDeploymentPostprocessing = 0;
			shellPath = /bin/sh;
			shellScript = "\"${PODS_ROOT}/Target Support Files/Pods-UnsplashPhotos/Pods-UnsplashPhotos-frameworks.sh\"\n";
			showEnvVarsInLog = 0;
		};
		F9FFEA1D23690947ADD3ECC8 /* [CP] Check Pods Manifest.lock */ = {
			isa = PBXShellScriptBuildPhase;
			buildActionMask = 2147483647;
			files = (
			);
			inputFileListPaths = (
			);
			inputPaths = (
				"${PODS_PODFILE_DIR_PATH}/Podfile.lock",
				"${PODS_ROOT}/Manifest.lock",
			);
			name = "[CP] Check Pods Manifest.lock";
			outputFileListPaths = (
			);
			outputPaths = (
				"$(DERIVED_FILE_DIR)/Pods-UnsplashPhotos-checkManifestLockResult.txt",
			);
			runOnlyForDeploymentPostprocessing = 0;
			shellPath = /bin/sh;
			shellScript = "diff \"${PODS_PODFILE_DIR_PATH}/Podfile.lock\" \"${PODS_ROOT}/Manifest.lock\" > /dev/null\nif [ $? != 0 ] ; then\n    # print error to STDERR\n    echo \"error: The sandbox is not in sync with the Podfile.lock. Run 'pod install' or update your CocoaPods installation.\" >&2\n    exit 1\nfi\n# This output is used by Xcode 'outputs' to avoid re-running this script phase.\necho \"SUCCESS\" > \"${SCRIPT_OUTPUT_FILE_0}\"\n";
			showEnvVarsInLog = 0;
		};
/* End PBXShellScriptBuildPhase section */

/* Begin PBXSourcesBuildPhase section */
		84BBD05527A9393700AC6C1E /* Sources */ = {
			isa = PBXSourcesBuildPhase;
			buildActionMask = 2147483647;
			files = (
				840A8B4727AA74F600AF1027 /* PhotoDetailsRouter.swift in Sources */,
				84BBD08227A9538B00AC6C1E /* RawPhoto.swift in Sources */,
				84907C6F27AA3AED0083C435 /* Consts.swift in Sources */,
				840A8B4927AABC0F00AF1027 /* UIImageView+SetImageFromPhotoWithIndex.swift in Sources */,
				840A8B4527AA749000AF1027 /* PhotoDetailsViewModel.swift in Sources */,
				8474516227ABB031006D16F2 /* SearchedRawPhotos.swift in Sources */,
				84BBD05D27A9393700AC6C1E /* AppDelegate.swift in Sources */,
				84BBD08427A95AC100AC6C1E /* PhotoManager.swift in Sources */,
				84BBD08A27A9717600AC6C1E /* RandomPhotosViewModel.swift in Sources */,
				84BBD07727A93CBA00AC6C1E /* FavoritePhotosViewController.swift in Sources */,
				8474516627ABE55E006D16F2 /* UIImageView+SetImageFromPhoto.swift in Sources */,
				84BBD08D27A9720D00AC6C1E /* BaseViewController.swift in Sources */,
				84BBD07927A93CCF00AC6C1E /* RandomPhotosViewController.swift in Sources */,
				84BBD09427A97AE500AC6C1E /* PhotoCollectionViewCell.swift in Sources */,
				84BBD08F27A9722200AC6C1E /* BaseRouter.swift in Sources */,
				84BBD07F27A9500B00AC6C1E /* PhotosNetClient.swift in Sources */,
				84BBD08627A9608C00AC6C1E /* ImageClient.swift in Sources */,
				84DCD61827AB0CBA00C447F4 /* FavouritePhotosRouter.swift in Sources */,
				84BBD09127A9727600AC6C1E /* RandomPhotosRouter.swift in Sources */,
				840A8B4327AA728200AF1027 /* PhotoDetailsViewController.swift in Sources */,
				84DCD61E27AB101800C447F4 /* PhotoTableViewCell.swift in Sources */,
				84BBD07327A93C2000AC6C1E /* PhotosTabBarController.swift in Sources */,
				84BBD08827A9690600AC6C1E /* Photo.swift in Sources */,
				84DCD61627AB0C7B00C447F4 /* FavouritePhotosViewModel.swift in Sources */,
				84BBD07C27A945E000AC6C1E /* R.generated.swift in Sources */,
			);
			runOnlyForDeploymentPostprocessing = 0;
		};
/* End PBXSourcesBuildPhase section */

/* Begin PBXVariantGroup section */
		84BBD06727A9393F00AC6C1E /* LaunchScreen.storyboard */ = {
			isa = PBXVariantGroup;
			children = (
				84BBD06827A9393F00AC6C1E /* Base */,
			);
			name = LaunchScreen.storyboard;
			sourceTree = "<group>";
		};
/* End PBXVariantGroup section */

/* Begin XCBuildConfiguration section */
		84BBD06B27A9393F00AC6C1E /* Debug */ = {
			isa = XCBuildConfiguration;
			buildSettings = {
				ALWAYS_SEARCH_USER_PATHS = NO;
				CLANG_ANALYZER_NONNULL = YES;
				CLANG_ANALYZER_NUMBER_OBJECT_CONVERSION = YES_AGGRESSIVE;
				CLANG_CXX_LANGUAGE_STANDARD = "gnu++14";
				CLANG_CXX_LIBRARY = "libc++";
				CLANG_ENABLE_MODULES = YES;
				CLANG_ENABLE_OBJC_ARC = YES;
				CLANG_ENABLE_OBJC_WEAK = YES;
				CLANG_WARN_BLOCK_CAPTURE_AUTORELEASING = YES;
				CLANG_WARN_BOOL_CONVERSION = YES;
				CLANG_WARN_COMMA = YES;
				CLANG_WARN_CONSTANT_CONVERSION = YES;
				CLANG_WARN_DEPRECATED_OBJC_IMPLEMENTATIONS = YES;
				CLANG_WARN_DIRECT_OBJC_ISA_USAGE = YES_ERROR;
				CLANG_WARN_DOCUMENTATION_COMMENTS = YES;
				CLANG_WARN_EMPTY_BODY = YES;
				CLANG_WARN_ENUM_CONVERSION = YES;
				CLANG_WARN_INFINITE_RECURSION = YES;
				CLANG_WARN_INT_CONVERSION = YES;
				CLANG_WARN_NON_LITERAL_NULL_CONVERSION = YES;
				CLANG_WARN_OBJC_IMPLICIT_RETAIN_SELF = YES;
				CLANG_WARN_OBJC_LITERAL_CONVERSION = YES;
				CLANG_WARN_OBJC_ROOT_CLASS = YES_ERROR;
				CLANG_WARN_QUOTED_INCLUDE_IN_FRAMEWORK_HEADER = YES;
				CLANG_WARN_RANGE_LOOP_ANALYSIS = YES;
				CLANG_WARN_STRICT_PROTOTYPES = YES;
				CLANG_WARN_SUSPICIOUS_MOVE = YES;
				CLANG_WARN_UNGUARDED_AVAILABILITY = YES_AGGRESSIVE;
				CLANG_WARN_UNREACHABLE_CODE = YES;
				CLANG_WARN__DUPLICATE_METHOD_MATCH = YES;
				COPY_PHASE_STRIP = NO;
				DEBUG_INFORMATION_FORMAT = dwarf;
				ENABLE_STRICT_OBJC_MSGSEND = YES;
				ENABLE_TESTABILITY = YES;
				GCC_C_LANGUAGE_STANDARD = gnu11;
				GCC_DYNAMIC_NO_PIC = NO;
				GCC_NO_COMMON_BLOCKS = YES;
				GCC_OPTIMIZATION_LEVEL = 0;
				GCC_PREPROCESSOR_DEFINITIONS = (
					"DEBUG=1",
					"$(inherited)",
				);
				GCC_WARN_64_TO_32_BIT_CONVERSION = YES;
				GCC_WARN_ABOUT_RETURN_TYPE = YES_ERROR;
				GCC_WARN_UNDECLARED_SELECTOR = YES;
				GCC_WARN_UNINITIALIZED_AUTOS = YES_AGGRESSIVE;
				GCC_WARN_UNUSED_FUNCTION = YES;
				GCC_WARN_UNUSED_VARIABLE = YES;
				IPHONEOS_DEPLOYMENT_TARGET = 14.5;
				MTL_ENABLE_DEBUG_INFO = INCLUDE_SOURCE;
				MTL_FAST_MATH = YES;
				ONLY_ACTIVE_ARCH = YES;
				SDKROOT = iphoneos;
				SWIFT_ACTIVE_COMPILATION_CONDITIONS = DEBUG;
				SWIFT_OPTIMIZATION_LEVEL = "-Onone";
			};
			name = Debug;
		};
		84BBD06C27A9393F00AC6C1E /* Release */ = {
			isa = XCBuildConfiguration;
			buildSettings = {
				ALWAYS_SEARCH_USER_PATHS = NO;
				CLANG_ANALYZER_NONNULL = YES;
				CLANG_ANALYZER_NUMBER_OBJECT_CONVERSION = YES_AGGRESSIVE;
				CLANG_CXX_LANGUAGE_STANDARD = "gnu++14";
				CLANG_CXX_LIBRARY = "libc++";
				CLANG_ENABLE_MODULES = YES;
				CLANG_ENABLE_OBJC_ARC = YES;
				CLANG_ENABLE_OBJC_WEAK = YES;
				CLANG_WARN_BLOCK_CAPTURE_AUTORELEASING = YES;
				CLANG_WARN_BOOL_CONVERSION = YES;
				CLANG_WARN_COMMA = YES;
				CLANG_WARN_CONSTANT_CONVERSION = YES;
				CLANG_WARN_DEPRECATED_OBJC_IMPLEMENTATIONS = YES;
				CLANG_WARN_DIRECT_OBJC_ISA_USAGE = YES_ERROR;
				CLANG_WARN_DOCUMENTATION_COMMENTS = YES;
				CLANG_WARN_EMPTY_BODY = YES;
				CLANG_WARN_ENUM_CONVERSION = YES;
				CLANG_WARN_INFINITE_RECURSION = YES;
				CLANG_WARN_INT_CONVERSION = YES;
				CLANG_WARN_NON_LITERAL_NULL_CONVERSION = YES;
				CLANG_WARN_OBJC_IMPLICIT_RETAIN_SELF = YES;
				CLANG_WARN_OBJC_LITERAL_CONVERSION = YES;
				CLANG_WARN_OBJC_ROOT_CLASS = YES_ERROR;
				CLANG_WARN_QUOTED_INCLUDE_IN_FRAMEWORK_HEADER = YES;
				CLANG_WARN_RANGE_LOOP_ANALYSIS = YES;
				CLANG_WARN_STRICT_PROTOTYPES = YES;
				CLANG_WARN_SUSPICIOUS_MOVE = YES;
				CLANG_WARN_UNGUARDED_AVAILABILITY = YES_AGGRESSIVE;
				CLANG_WARN_UNREACHABLE_CODE = YES;
				CLANG_WARN__DUPLICATE_METHOD_MATCH = YES;
				COPY_PHASE_STRIP = NO;
				DEBUG_INFORMATION_FORMAT = "dwarf-with-dsym";
				ENABLE_NS_ASSERTIONS = NO;
				ENABLE_STRICT_OBJC_MSGSEND = YES;
				GCC_C_LANGUAGE_STANDARD = gnu11;
				GCC_NO_COMMON_BLOCKS = YES;
				GCC_WARN_64_TO_32_BIT_CONVERSION = YES;
				GCC_WARN_ABOUT_RETURN_TYPE = YES_ERROR;
				GCC_WARN_UNDECLARED_SELECTOR = YES;
				GCC_WARN_UNINITIALIZED_AUTOS = YES_AGGRESSIVE;
				GCC_WARN_UNUSED_FUNCTION = YES;
				GCC_WARN_UNUSED_VARIABLE = YES;
				IPHONEOS_DEPLOYMENT_TARGET = 14.5;
				MTL_ENABLE_DEBUG_INFO = NO;
				MTL_FAST_MATH = YES;
				SDKROOT = iphoneos;
				SWIFT_COMPILATION_MODE = wholemodule;
				SWIFT_OPTIMIZATION_LEVEL = "-O";
				VALIDATE_PRODUCT = YES;
			};
			name = Release;
		};
		84BBD06E27A9393F00AC6C1E /* Debug */ = {
			isa = XCBuildConfiguration;
			baseConfigurationReference = 4900E55EFC41FF01EC455DE7 /* Pods-UnsplashPhotos.debug.xcconfig */;
			buildSettings = {
				ASSETCATALOG_COMPILER_APPICON_NAME = AppIcon;
				ASSETCATALOG_COMPILER_GLOBAL_ACCENT_COLOR_NAME = AccentColor;
				CODE_SIGN_STYLE = Automatic;
				DEVELOPMENT_TEAM = K4FDR4N6T3;
				INFOPLIST_FILE = UnsplashPhotos/Support/Info.plist;
				LD_RUNPATH_SEARCH_PATHS = (
					"$(inherited)",
					"@executable_path/Frameworks",
				);
				PRODUCT_BUNDLE_IDENTIFIER = TrainingInCoding.UnsplashPhotos;
				PRODUCT_NAME = "$(TARGET_NAME)";
				SWIFT_VERSION = 5.0;
				TARGETED_DEVICE_FAMILY = "1,2";
			};
			name = Debug;
		};
		84BBD06F27A9393F00AC6C1E /* Release */ = {
			isa = XCBuildConfiguration;
			baseConfigurationReference = B853DC2BB2F6062E84548E0D /* Pods-UnsplashPhotos.release.xcconfig */;
			buildSettings = {
				ASSETCATALOG_COMPILER_APPICON_NAME = AppIcon;
				ASSETCATALOG_COMPILER_GLOBAL_ACCENT_COLOR_NAME = AccentColor;
				CODE_SIGN_STYLE = Automatic;
				DEVELOPMENT_TEAM = K4FDR4N6T3;
				INFOPLIST_FILE = UnsplashPhotos/Support/Info.plist;
				LD_RUNPATH_SEARCH_PATHS = (
					"$(inherited)",
					"@executable_path/Frameworks",
				);
				PRODUCT_BUNDLE_IDENTIFIER = TrainingInCoding.UnsplashPhotos;
				PRODUCT_NAME = "$(TARGET_NAME)";
				SWIFT_VERSION = 5.0;
				TARGETED_DEVICE_FAMILY = "1,2";
			};
			name = Release;
		};
/* End XCBuildConfiguration section */

/* Begin XCConfigurationList section */
		84BBD05427A9393700AC6C1E /* Build configuration list for PBXProject "UnsplashPhotos" */ = {
			isa = XCConfigurationList;
			buildConfigurations = (
				84BBD06B27A9393F00AC6C1E /* Debug */,
				84BBD06C27A9393F00AC6C1E /* Release */,
			);
			defaultConfigurationIsVisible = 0;
			defaultConfigurationName = Release;
		};
		84BBD06D27A9393F00AC6C1E /* Build configuration list for PBXNativeTarget "UnsplashPhotos" */ = {
			isa = XCConfigurationList;
			buildConfigurations = (
				84BBD06E27A9393F00AC6C1E /* Debug */,
				84BBD06F27A9393F00AC6C1E /* Release */,
			);
			defaultConfigurationIsVisible = 0;
			defaultConfigurationName = Release;
		};
/* End XCConfigurationList section */
	};
	rootObject = 84BBD05127A9393700AC6C1E /* Project object */;
}
